
Microsoft Visual Studio Solution File, Format Version 12.00
# Visual Studio Version 17
VisualStudioVersion = 17.14.37301.10 d17.14
MinimumVisualStudioVersion = 10.0.40219.1
Project("{FAE04EC0-301F-11D3-BF4B-00C04F79EFBC}") = "CMS.Data", "CMS.Data\CMS.Data.csproj", "{120F3670-B756-473C-A8A8-5C7AA0238D0A}"
EndProject
Project("{FAE04EC0-301F-11D3-BF4B-00C04F79EFBC}") = "CMS.Backend", "CMS.Backend\CMS.Backend.csproj", "{292AD547-B6D7-48F1-AE53-9B866C36C0AF}"
EndProject
Project("{E24C65DC-7377-472B-9ABA-BC803B73C61A}") = "cms.frontend", "cms.frontend\", "{BFC96697-7D92-84DD-AB7A-313652811C56}"
	ProjectSection(WebsiteProperties) = preProject
		TargetFrameworkMoniker = ".NETFramework,Version%3Dv4.8"
		Debug.AspNetCompiler.VirtualPath = "/localhost_63505"
		Debug.AspNetCompiler.PhysicalPath = "cms.frontend\"
		Debug.AspNetCompiler.TargetPath = "PrecompiledWeb\localhost_63505\"
		Debug.AspNetCompiler.Updateable = "true"
		Debug.AspNetCompiler.ForceOverwrite = "true"
		Debug.AspNetCompiler.FixedNames = "false"
		Debug.AspNetCompiler.Debug = "True"
		Release.AspNetCompiler.VirtualPath = "/localhost_63505"
		Release.AspNetCompiler.PhysicalPath = "cms.frontend\"
		Release.AspNetCompiler.TargetPath = "PrecompiledWeb\localhost_63505\"
		Release.AspNetCompiler.Updateable = "true"
		Release.AspNetCompiler.ForceOverwrite = "true"
		Release.AspNetCompiler.FixedNames = "false"
		Release.AspNetCompiler.Debug = "False"
		VWDPort = "63505"
		SlnRelativePath = "cms.frontend\"
	EndProjectSection
EndProject
Global
	GlobalSection(SolutionConfigurationPlatforms) = preSolution
		Debug|Any CPU = Debug|Any CPU
		Release|Any CPU = Release|Any CPU
	EndGlobalSection
	GlobalSection(ProjectConfigurationPlatforms) = postSolution
		{120F3670-B756-473C-A8A8-5C7AA0238D0A}.Debug|Any CPU.ActiveCfg = Debug|Any CPU
		{120F3670-B756-473C-A8A8-5C7AA0238D0A}.Debug|Any CPU.Build.0 = Debug|Any CPU
		{120F3670-B756-473C-A8A8-5C7AA0238D0A}.Release|Any CPU.ActiveCfg = Release|Any CPU
		{120F3670-B756-473C-A8A8-5C7AA0238D0A}.Release|Any CPU.Build.0 = Release|Any CPU
		{292AD547-B6D7-48F1-AE53-9B866C36C0AF}.Debug|Any CPU.ActiveCfg = Debug|Any CPU
		{292AD547-B6D7-48F1-AE53-9B866C36C0AF}.Debug|Any CPU.Build.0 = Debug|Any CPU
		{292AD547-B6D7-48F1-AE53-9B866C36C0AF}.Release|Any CPU.ActiveCfg = Release|Any CPU
		{292AD547-B6D7-48F1-AE53-9B866C36C0AF}.Release|Any CPU.Build.0 = Release|Any CPU
		{BFC96697-7D92-84DD-AB7A-313652811C56}.Debug|Any CPU.ActiveCfg = Debug|Any CPU
		{BFC96697-7D92-84DD-AB7A-313652811C56}.Debug|Any CPU.Build.0 = Debug|Any CPU
		{BFC96697-7D92-84DD-AB7A-313652811C56}.Release|Any CPU.ActiveCfg = Debug|Any CPU
		{BFC96697-7D92-84DD-AB7A-313652811C56}.Release|Any CPU.Build.0 = Debug|Any CPU
	EndGlobalSection
	GlobalSection(SolutionProperties) = preSolution
		HideSolutionNode = FALSE
	EndGlobalSection
	GlobalSection(ExtensibilityGlobals) = postSolution
		SolutionGuid = {5A22247F-7B20-448A-8EAB-6BF41C246D8D}
	EndGlobalSection
EndGlobal
